
Microsoft Visual Studio Solution File, Format Version 12.00
# Visual Studio Version 17
VisualStudioVersion = 17.14.36518.9 d17.14
MinimumVisualStudioVersion = 10.0.40219.1
Project("{FAE04EC0-301F-11D3-BF4B-00C04F79EFBC}") = "ACTIVIDADunida1", "ACTIVIDADunida1\ACTIVIDADunida1.csproj", "{40F2DF60-CD86-42AB-A35C-DC13667FD6EE}"
EndProject
Global
	GlobalSection(SolutionConfigurationPlatforms) = preSolution
		Debug|Any CPU = Debug|Any CPU
		Release|Any CPU = Release|Any CPU
	EndGlobalSection
	GlobalSection(ProjectConfigurationPlatforms) = postSolution
		{40F2DF60-CD86-42AB-A35C-DC13667FD6EE}.Debug|Any CPU.ActiveCfg = Debug|Any CPU
		{40F2DF60-CD86-42AB-A35C-DC13667FD6EE}.Debug|Any CPU.Build.0 = Debug|Any CPU
		{40F2DF60-CD86-42AB-A35C-DC13667FD6EE}.Release|Any CPU.ActiveCfg = Release|Any CPU
		{40F2DF60-CD86-42AB-A35C-DC13667FD6EE}.Release|Any CPU.Build.0 = Release|Any CPU
	EndGlobalSection
	GlobalSection(SolutionProperties) = preSolution
		HideSolutionNode = FALSE
	EndGlobalSection
	GlobalSection(ExtensibilityGlobals) = postSolution
		SolutionGuid = {5627D6B8-C652-4D25-8584-A81ACC1066A8}
	EndGlobalSection
EndGlobal
